
Microsoft Visual Studio Solution File, Format Version 12.00
# Visual Studio 15
VisualStudioVersion = 15.0.28010.2050
MinimumVisualStudioVersion = 10.0.40219.1
Project("{FAE04EC0-301F-11D3-BF4B-00C04F79EFBC}") = "TryParse", "TryParse\TryParse.csproj", "{2DEEEF57-A307-471D-8BE1-35C1F2DC2E5B}"
EndProject
Global
	GlobalSection(SolutionConfigurationPlatforms) = preSolution
		Debug|Any CPU = Debug|Any CPU
		Release|Any CPU = Release|Any CPU
	EndGlobalSection
	GlobalSection(ProjectConfigurationPlatforms) = postSolution
		{2DEEEF57-A307-471D-8BE1-35C1F2DC2E5B}.Debug|Any CPU.ActiveCfg = Debug|Any CPU
		{2DEEEF57-A307-471D-8BE1-35C1F2DC2E5B}.Debug|Any CPU.Build.0 = Debug|Any CPU
		{2DEEEF57-A307-471D-8BE1-35C1F2DC2E5B}.Release|Any CPU.ActiveCfg = Release|Any CPU
		{2DEEEF57-A307-471D-8BE1-35C1F2DC2E5B}.Release|Any CPU.Build.0 = Release|Any CPU
	EndGlobalSection
	GlobalSection(SolutionProperties) = preSolution
		HideSolutionNode = FALSE
	EndGlobalSection
	GlobalSection(ExtensibilityGlobals) = postSolution
		SolutionGuid = {67FFB411-33C9-4018-B418-292D4D8D8AD4}
	EndGlobalSection
EndGlobal
