
Microsoft Visual Studio Solution File, Format Version 12.00
# Visual Studio 15
VisualStudioVersion = 15.0.28307.102
MinimumVisualStudioVersion = 10.0.40219.1
Project("{FAE04EC0-301F-11D3-BF4B-00C04F79EFBC}") = "Login (If verschachteln)", "Login (If verschachteln)\Login (If verschachteln).csproj", "{432E854F-35B2-40C9-82ED-E1636BB90634}"
EndProject
Global
	GlobalSection(SolutionConfigurationPlatforms) = preSolution
		Debug|Any CPU = Debug|Any CPU
		Release|Any CPU = Release|Any CPU
	EndGlobalSection
	GlobalSection(ProjectConfigurationPlatforms) = postSolution
		{432E854F-35B2-40C9-82ED-E1636BB90634}.Debug|Any CPU.ActiveCfg = Debug|Any CPU
		{432E854F-35B2-40C9-82ED-E1636BB90634}.Debug|Any CPU.Build.0 = Debug|Any CPU
		{432E854F-35B2-40C9-82ED-E1636BB90634}.Release|Any CPU.ActiveCfg = Release|Any CPU
		{432E854F-35B2-40C9-82ED-E1636BB90634}.Release|Any CPU.Build.0 = Release|Any CPU
	EndGlobalSection
	GlobalSection(SolutionProperties) = preSolution
		HideSolutionNode = FALSE
	EndGlobalSection
	GlobalSection(ExtensibilityGlobals) = postSolution
		SolutionGuid = {C336D393-B348-4722-AAC3-1D5FFF988479}
	EndGlobalSection
EndGlobal
