
Microsoft Visual Studio Solution File, Format Version 12.00
# Visual Studio 15
VisualStudioVersion = 15.0.28010.2050
MinimumVisualStudioVersion = 10.0.40219.1
Project("{FAE04EC0-301F-11D3-BF4B-00C04F79EFBC}") = "BenutzerEingabe2", "BenutzerEingabe2\BenutzerEingabe2.csproj", "{D227097A-8264-4E27-9A42-E1270BBFE9C1}"
EndProject
Global
	GlobalSection(SolutionConfigurationPlatforms) = preSolution
		Debug|Any CPU = Debug|Any CPU
		Release|Any CPU = Release|Any CPU
	EndGlobalSection
	GlobalSection(ProjectConfigurationPlatforms) = postSolution
		{D227097A-8264-4E27-9A42-E1270BBFE9C1}.Debug|Any CPU.ActiveCfg = Debug|Any CPU
		{D227097A-8264-4E27-9A42-E1270BBFE9C1}.Debug|Any CPU.Build.0 = Debug|Any CPU
		{D227097A-8264-4E27-9A42-E1270BBFE9C1}.Release|Any CPU.ActiveCfg = Release|Any CPU
		{D227097A-8264-4E27-9A42-E1270BBFE9C1}.Release|Any CPU.Build.0 = Release|Any CPU
	EndGlobalSection
	GlobalSection(SolutionProperties) = preSolution
		HideSolutionNode = FALSE
	EndGlobalSection
	GlobalSection(ExtensibilityGlobals) = postSolution
		SolutionGuid = {B8045ECD-F65E-4405-84C8-628C3988835D}
	EndGlobalSection
EndGlobal
