
Microsoft Visual Studio Solution File, Format Version 12.00
# Visual Studio 15
VisualStudioVersion = 15.0.28010.2048
MinimumVisualStudioVersion = 10.0.40219.1
Project("{FAE04EC0-301F-11D3-BF4B-00C04F79EFBC}") = "Datentypen und Variablen", "Datentypen und Variablen\Datentypen und Variablen.csproj", "{B31EAA30-01C2-46DC-A47B-7FFE026D9493}"
EndProject
Global
	GlobalSection(SolutionConfigurationPlatforms) = preSolution
		Debug|Any CPU = Debug|Any CPU
		Release|Any CPU = Release|Any CPU
	EndGlobalSection
	GlobalSection(ProjectConfigurationPlatforms) = postSolution
		{B31EAA30-01C2-46DC-A47B-7FFE026D9493}.Debug|Any CPU.ActiveCfg = Debug|Any CPU
		{B31EAA30-01C2-46DC-A47B-7FFE026D9493}.Debug|Any CPU.Build.0 = Debug|Any CPU
		{B31EAA30-01C2-46DC-A47B-7FFE026D9493}.Release|Any CPU.ActiveCfg = Release|Any CPU
		{B31EAA30-01C2-46DC-A47B-7FFE026D9493}.Release|Any CPU.Build.0 = Release|Any CPU
	EndGlobalSection
	GlobalSection(SolutionProperties) = preSolution
		HideSolutionNode = FALSE
	EndGlobalSection
	GlobalSection(ExtensibilityGlobals) = postSolution
		SolutionGuid = {9ABE8C30-D351-405A-BCE5-57475CEB864A}
	EndGlobalSection
EndGlobal
