
Microsoft Visual Studio Solution File, Format Version 12.00
# Visual Studio 15
VisualStudioVersion = 15.0.28307.136
MinimumVisualStudioVersion = 10.0.40219.1
Project("{FAE04EC0-301F-11D3-BF4B-00C04F79EFBC}") = "erweiterte If Statements", "erweiterte If Statements\erweiterte If Statements.csproj", "{023FB521-805B-4FDC-9A8D-A5B0AA9F9275}"
EndProject
Global
	GlobalSection(SolutionConfigurationPlatforms) = preSolution
		Debug|Any CPU = Debug|Any CPU
		Release|Any CPU = Release|Any CPU
	EndGlobalSection
	GlobalSection(ProjectConfigurationPlatforms) = postSolution
		{023FB521-805B-4FDC-9A8D-A5B0AA9F9275}.Debug|Any CPU.ActiveCfg = Debug|Any CPU
		{023FB521-805B-4FDC-9A8D-A5B0AA9F9275}.Debug|Any CPU.Build.0 = Debug|Any CPU
		{023FB521-805B-4FDC-9A8D-A5B0AA9F9275}.Release|Any CPU.ActiveCfg = Release|Any CPU
		{023FB521-805B-4FDC-9A8D-A5B0AA9F9275}.Release|Any CPU.Build.0 = Release|Any CPU
	EndGlobalSection
	GlobalSection(SolutionProperties) = preSolution
		HideSolutionNode = FALSE
	EndGlobalSection
	GlobalSection(ExtensibilityGlobals) = postSolution
		SolutionGuid = {A5E8FAE4-CF52-4821-8678-88AF84B79B36}
	EndGlobalSection
EndGlobal
