
Microsoft Visual Studio Solution File, Format Version 12.00
# Visual Studio 15
VisualStudioVersion = 15.0.28307.106
MinimumVisualStudioVersion = 10.0.40219.1
Project("{FAE04EC0-301F-11D3-BF4B-00C04F79EFBC}") = "KlassenVererbung", "KlassenVererbung\KlassenVererbung.csproj", "{7400C095-3C59-4BEC-BE8F-395D6801C993}"
EndProject
Global
	GlobalSection(SolutionConfigurationPlatforms) = preSolution
		Debug|Any CPU = Debug|Any CPU
		Release|Any CPU = Release|Any CPU
	EndGlobalSection
	GlobalSection(ProjectConfigurationPlatforms) = postSolution
		{7400C095-3C59-4BEC-BE8F-395D6801C993}.Debug|Any CPU.ActiveCfg = Debug|Any CPU
		{7400C095-3C59-4BEC-BE8F-395D6801C993}.Debug|Any CPU.Build.0 = Debug|Any CPU
		{7400C095-3C59-4BEC-BE8F-395D6801C993}.Release|Any CPU.ActiveCfg = Release|Any CPU
		{7400C095-3C59-4BEC-BE8F-395D6801C993}.Release|Any CPU.Build.0 = Release|Any CPU
	EndGlobalSection
	GlobalSection(SolutionProperties) = preSolution
		HideSolutionNode = FALSE
	EndGlobalSection
	GlobalSection(ExtensibilityGlobals) = postSolution
		SolutionGuid = {5D5342C1-244A-4174-9104-2F67BD9E8089}
	EndGlobalSection
EndGlobal
