
Microsoft Visual Studio Solution File, Format Version 12.00
# Visual Studio 15
VisualStudioVersion = 15.0.28307.136
MinimumVisualStudioVersion = 10.0.40219.1
Project("{FAE04EC0-301F-11D3-BF4B-00C04F79EFBC}") = "Get und Set", "Get und Set\Get und Set.csproj", "{3207CA04-77E7-43D3-9AC2-6FF3F379781D}"
EndProject
Global
	GlobalSection(SolutionConfigurationPlatforms) = preSolution
		Debug|Any CPU = Debug|Any CPU
		Release|Any CPU = Release|Any CPU
	EndGlobalSection
	GlobalSection(ProjectConfigurationPlatforms) = postSolution
		{3207CA04-77E7-43D3-9AC2-6FF3F379781D}.Debug|Any CPU.ActiveCfg = Debug|Any CPU
		{3207CA04-77E7-43D3-9AC2-6FF3F379781D}.Debug|Any CPU.Build.0 = Debug|Any CPU
		{3207CA04-77E7-43D3-9AC2-6FF3F379781D}.Release|Any CPU.ActiveCfg = Release|Any CPU
		{3207CA04-77E7-43D3-9AC2-6FF3F379781D}.Release|Any CPU.Build.0 = Release|Any CPU
	EndGlobalSection
	GlobalSection(SolutionProperties) = preSolution
		HideSolutionNode = FALSE
	EndGlobalSection
	GlobalSection(ExtensibilityGlobals) = postSolution
		SolutionGuid = {C4B2F2FC-8661-4CAD-98D8-643201C1468E}
	EndGlobalSection
EndGlobal
